
Microsoft Visual Studio Solution File, Format Version 12.00
# Visual Studio Version 17
VisualStudioVersion = 17.3.32922.545
MinimumVisualStudioVersion = 10.0.40219.1
Project("{FAE04EC0-301F-11D3-BF4B-00C04F79EFBC}") = "Fuck", "Fuck\Fuck.csproj", "{7E7FA20E-D325-4B7E-B5A8-5BA3305E15CD}"
EndProject
Global
	GlobalSection(SolutionConfigurationPlatforms) = preSolution
		Debug|Any CPU = Debug|Any CPU
		Release|Any CPU = Release|Any CPU
	EndGlobalSection
	GlobalSection(ProjectConfigurationPlatforms) = postSolution
		{7E7FA20E-D325-4B7E-B5A8-5BA3305E15CD}.Debug|Any CPU.ActiveCfg = Debug|Any CPU
		{7E7FA20E-D325-4B7E-B5A8-5BA3305E15CD}.Debug|Any CPU.Build.0 = Debug|Any CPU
		{7E7FA20E-D325-4B7E-B5A8-5BA3305E15CD}.Release|Any CPU.ActiveCfg = Release|Any CPU
		{7E7FA20E-D325-4B7E-B5A8-5BA3305E15CD}.Release|Any CPU.Build.0 = Release|Any CPU
	EndGlobalSection
	GlobalSection(SolutionProperties) = preSolution
		HideSolutionNode = FALSE
	EndGlobalSection
	GlobalSection(ExtensibilityGlobals) = postSolution
		SolutionGuid = {8A6087C0-8A45-4850-BEE6-C0631A5926F5}
	EndGlobalSection
EndGlobal
